// !$*UTF8*$!
{
	archiveVersion = 1;
	classes = {
	};
	objectVersion = 56;
	objects = {

/* Begin PBXBuildFile section */
		2206EF1E2AC31558004FB0F9 /* Tabbar.swift in Sources */ = {isa = PBXBuildFile; fileRef = 2206EF1D2AC31557004FB0F9 /* Tabbar.swift */; };
		2206EF202AC31749004FB0F9 /* CustomTabbar.swift in Sources */ = {isa = PBXBuildFile; fileRef = 2206EF1F2AC31749004FB0F9 /* CustomTabbar.swift */; };
		2218D0B42AC5581A00F8131C /* Tab.swift in Sources */ = {isa = PBXBuildFile; fileRef = 2218D0B32AC5581A00F8131C /* Tab.swift */; };
		22210F002AC9A3F800AE71BC /* Animation.swift in Sources */ = {isa = PBXBuildFile; fileRef = 22210EFF2AC9A3F800AE71BC /* Animation.swift */; };
		222989FB2AC917460025F6B4 /* HomeView.swift in Sources */ = {isa = PBXBuildFile; fileRef = 222989FA2AC917460025F6B4 /* HomeView.swift */; };
		22298A022AC9236D0025F6B4 /* FeatureItem.swift in Sources */ = {isa = PBXBuildFile; fileRef = 22298A012AC9236D0025F6B4 /* FeatureItem.swift */; };
		22298A042AC929E80025F6B4 /* NavigationBar.swift in Sources */ = {isa = PBXBuildFile; fileRef = 22298A032AC929E80025F6B4 /* NavigationBar.swift */; };
		22298A062AC947350025F6B4 /* PreferenceKeys.swift in Sources */ = {isa = PBXBuildFile; fileRef = 22298A052AC947350025F6B4 /* PreferenceKeys.swift */; };
		22298A082AC94DF10025F6B4 /* AnimatableFontModifier.swift in Sources */ = {isa = PBXBuildFile; fileRef = 22298A072AC94DF10025F6B4 /* AnimatableFontModifier.swift */; };
		22298A0A2AC952730025F6B4 /* Course.swift in Sources */ = {isa = PBXBuildFile; fileRef = 22298A092AC952730025F6B4 /* Course.swift */; };
		22298A0C2AC967340025F6B4 /* MatchView.swift in Sources */ = {isa = PBXBuildFile; fileRef = 22298A0B2AC967340025F6B4 /* MatchView.swift */; };
		227321082ABAE60100F7A9CB /* Styles.swift in Sources */ = {isa = PBXBuildFile; fileRef = 227321072ABAE60100F7A9CB /* Styles.swift */; };
		2273210A2ABAF01200F7A9CB /* AccountView.swift in Sources */ = {isa = PBXBuildFile; fileRef = 227321092ABAF01200F7A9CB /* AccountView.swift */; };
		229E6FAD2ACB9FD40066EEAE /* SearchView.swift in Sources */ = {isa = PBXBuildFile; fileRef = 229E6FAC2ACB9FD40066EEAE /* SearchView.swift */; };
		229E6FAF2ACBAF790066EEAE /* Suggestion.swift in Sources */ = {isa = PBXBuildFile; fileRef = 229E6FAE2ACBAF780066EEAE /* Suggestion.swift */; };
		22C94E652ACA8DDD002E5D88 /* Model.swift in Sources */ = {isa = PBXBuildFile; fileRef = 22C94E642ACA8DDD002E5D88 /* Model.swift */; };
		22DA677C2ABFE1D900F073DB /* Hexagon.swift in Sources */ = {isa = PBXBuildFile; fileRef = 22DA677B2ABFE1D900F073DB /* Hexagon.swift */; };
		22DA8D702AB9ED4A008B0FB8 /* DesignCodeiOS15App.swift in Sources */ = {isa = PBXBuildFile; fileRef = 22DA8D6F2AB9ED4A008B0FB8 /* DesignCodeiOS15App.swift */; };
		22DA8D722AB9ED4A008B0FB8 /* ContentView.swift in Sources */ = {isa = PBXBuildFile; fileRef = 22DA8D712AB9ED4A008B0FB8 /* ContentView.swift */; };
		22DA8D742AB9ED4B008B0FB8 /* Assets.xcassets in Resources */ = {isa = PBXBuildFile; fileRef = 22DA8D732AB9ED4B008B0FB8 /* Assets.xcassets */; };
		22DA8D772AB9ED4B008B0FB8 /* Preview Assets.xcassets in Resources */ = {isa = PBXBuildFile; fileRef = 22DA8D762AB9ED4B008B0FB8 /* Preview Assets.xcassets */; };
		22E4D6252AC9936D00369D0A /* CourseItem.swift in Sources */ = {isa = PBXBuildFile; fileRef = 22E4D6242AC9936D00369D0A /* CourseItem.swift */; };
		22E4D6272AC994A300369D0A /* CourseView.swift in Sources */ = {isa = PBXBuildFile; fileRef = 22E4D6262AC994A300369D0A /* CourseView.swift */; };
		22FBB6E52ACCF1A600391AB8 /* SignUpView.swift in Sources */ = {isa = PBXBuildFile; fileRef = 22FBB6E42ACCF1A600391AB8 /* SignUpView.swift */; };
		22FBB6E72ACD016100391AB8 /* AngularButtonStyle.swift in Sources */ = {isa = PBXBuildFile; fileRef = 22FBB6E62ACD016100391AB8 /* AngularButtonStyle.swift */; };
		22FBB6E92ACD0D4300391AB8 /* InputStyle.swift in Sources */ = {isa = PBXBuildFile; fileRef = 22FBB6E82ACD0D4300391AB8 /* InputStyle.swift */; };
/* End PBXBuildFile section */

/* Begin PBXFileReference section */
		2206EF1D2AC31557004FB0F9 /* Tabbar.swift */ = {isa = PBXFileReference; lastKnownFileType = sourcecode.swift; path = Tabbar.swift; sourceTree = "<group>"; };
		2206EF1F2AC31749004FB0F9 /* CustomTabbar.swift */ = {isa = PBXFileReference; lastKnownFileType = sourcecode.swift; path = CustomTabbar.swift; sourceTree = "<group>"; };
		2218D0B32AC5581A00F8131C /* Tab.swift */ = {isa = PBXFileReference; lastKnownFileType = sourcecode.swift; path = Tab.swift; sourceTree = "<group>"; };
		22210EFF2AC9A3F800AE71BC /* Animation.swift */ = {isa = PBXFileReference; lastKnownFileType = sourcecode.swift; path = Animation.swift; sourceTree = "<group>"; };
		222989FA2AC917460025F6B4 /* HomeView.swift */ = {isa = PBXFileReference; lastKnownFileType = sourcecode.swift; path = HomeView.swift; sourceTree = "<group>"; };
		22298A012AC9236D0025F6B4 /* FeatureItem.swift */ = {isa = PBXFileReference; lastKnownFileType = sourcecode.swift; path = FeatureItem.swift; sourceTree = "<group>"; };
		22298A032AC929E80025F6B4 /* NavigationBar.swift */ = {isa = PBXFileReference; lastKnownFileType = sourcecode.swift; path = NavigationBar.swift; sourceTree = "<group>"; };
		22298A052AC947350025F6B4 /* PreferenceKeys.swift */ = {isa = PBXFileReference; lastKnownFileType = sourcecode.swift; path = PreferenceKeys.swift; sourceTree = "<group>"; };
		22298A072AC94DF10025F6B4 /* AnimatableFontModifier.swift */ = {isa = PBXFileReference; lastKnownFileType = sourcecode.swift; path = AnimatableFontModifier.swift; sourceTree = "<group>"; };
		22298A092AC952730025F6B4 /* Course.swift */ = {isa = PBXFileReference; lastKnownFileType = sourcecode.swift; path = Course.swift; sourceTree = "<group>"; };
		22298A0B2AC967340025F6B4 /* MatchView.swift */ = {isa = PBXFileReference; lastKnownFileType = sourcecode.swift; path = MatchView.swift; sourceTree = "<group>"; };
		227321072ABAE60100F7A9CB /* Styles.swift */ = {isa = PBXFileReference; lastKnownFileType = sourcecode.swift; path = Styles.swift; sourceTree = "<group>"; };
		227321092ABAF01200F7A9CB /* AccountView.swift */ = {isa = PBXFileReference; lastKnownFileType = sourcecode.swift; path = AccountView.swift; sourceTree = "<group>"; };
		229E6FAC2ACB9FD40066EEAE /* SearchView.swift */ = {isa = PBXFileReference; lastKnownFileType = sourcecode.swift; path = SearchView.swift; sourceTree = "<group>"; };
		229E6FAE2ACBAF780066EEAE /* Suggestion.swift */ = {isa = PBXFileReference; lastKnownFileType = sourcecode.swift; path = Suggestion.swift; sourceTree = "<group>"; };
		22C94E642ACA8DDD002E5D88 /* Model.swift */ = {isa = PBXFileReference; lastKnownFileType = sourcecode.swift; path = Model.swift; sourceTree = "<group>"; };
		22DA677B2ABFE1D900F073DB /* Hexagon.swift */ = {isa = PBXFileReference; lastKnownFileType = sourcecode.swift; path = Hexagon.swift; sourceTree = "<group>"; };
		22DA8D6C2AB9ED4A008B0FB8 /* DesignCodeiOS15.app */ = {isa = PBXFileReference; explicitFileType = wrapper.application; includeInIndex = 0; path = DesignCodeiOS15.app; sourceTree = BUILT_PRODUCTS_DIR; };
		22DA8D6F2AB9ED4A008B0FB8 /* DesignCodeiOS15App.swift */ = {isa = PBXFileReference; lastKnownFileType = sourcecode.swift; path = DesignCodeiOS15App.swift; sourceTree = "<group>"; };
		22DA8D712AB9ED4A008B0FB8 /* ContentView.swift */ = {isa = PBXFileReference; lastKnownFileType = sourcecode.swift; path = ContentView.swift; sourceTree = "<group>"; };
		22DA8D732AB9ED4B008B0FB8 /* Assets.xcassets */ = {isa = PBXFileReference; lastKnownFileType = folder.assetcatalog; path = Assets.xcassets; sourceTree = "<group>"; };
		22DA8D762AB9ED4B008B0FB8 /* Preview Assets.xcassets */ = {isa = PBXFileReference; lastKnownFileType = folder.assetcatalog; path = "Preview Assets.xcassets"; sourceTree = "<group>"; };
		22E4D6242AC9936D00369D0A /* CourseItem.swift */ = {isa = PBXFileReference; lastKnownFileType = sourcecode.swift; path = CourseItem.swift; sourceTree = "<group>"; };
		22E4D6262AC994A300369D0A /* CourseView.swift */ = {isa = PBXFileReference; lastKnownFileType = sourcecode.swift; path = CourseView.swift; sourceTree = "<group>"; };
		22FBB6E42ACCF1A600391AB8 /* SignUpView.swift */ = {isa = PBXFileReference; lastKnownFileType = sourcecode.swift; path = SignUpView.swift; sourceTree = "<group>"; };
		22FBB6E62ACD016100391AB8 /* AngularButtonStyle.swift */ = {isa = PBXFileReference; lastKnownFileType = sourcecode.swift; path = AngularButtonStyle.swift; sourceTree = "<group>"; };
		22FBB6E82ACD0D4300391AB8 /* InputStyle.swift */ = {isa = PBXFileReference; lastKnownFileType = sourcecode.swift; path = InputStyle.swift; sourceTree = "<group>"; };
/* End PBXFileReference section */

/* Begin PBXFrameworksBuildPhase section */
		22DA8D692AB9ED4A008B0FB8 /* Frameworks */ = {
			isa = PBXFrameworksBuildPhase;
			buildActionMask = 2147483647;
			files = (
			);
			runOnlyForDeploymentPostprocessing = 0;
		};
/* End PBXFrameworksBuildPhase section */

/* Begin PBXGroup section */
		222989FC2AC91A930025F6B4 /* Navigation */ = {
			isa = PBXGroup;
			children = (
				22DA8D712AB9ED4A008B0FB8 /* ContentView.swift */,
				2206EF1F2AC31749004FB0F9 /* CustomTabbar.swift */,
				22298A032AC929E80025F6B4 /* NavigationBar.swift */,
			);
			path = Navigation;
			sourceTree = "<group>";
		};
		222989FD2AC91AA80025F6B4 /* Views */ = {
			isa = PBXGroup;
			children = (
				222989FA2AC917460025F6B4 /* HomeView.swift */,
				227321092ABAF01200F7A9CB /* AccountView.swift */,
				22298A0B2AC967340025F6B4 /* MatchView.swift */,
				22E4D6262AC994A300369D0A /* CourseView.swift */,
				229E6FAC2ACB9FD40066EEAE /* SearchView.swift */,
				22FBB6E42ACCF1A600391AB8 /* SignUpView.swift */,
			);
			path = Views;
			sourceTree = "<group>";
		};
		222989FE2AC91ACD0025F6B4 /* Components */ = {
			isa = PBXGroup;
			children = (
				2206EF1D2AC31557004FB0F9 /* Tabbar.swift */,
				22DA677B2ABFE1D900F073DB /* Hexagon.swift */,
				22298A012AC9236D0025F6B4 /* FeatureItem.swift */,
				22E4D6242AC9936D00369D0A /* CourseItem.swift */,
			);
			path = Components;
			sourceTree = "<group>";
		};
		222989FF2AC91AF50025F6B4 /* Model */ = {
			isa = PBXGroup;
			children = (
				22298A052AC947350025F6B4 /* PreferenceKeys.swift */,
				2218D0B32AC5581A00F8131C /* Tab.swift */,
				22298A092AC952730025F6B4 /* Course.swift */,
				22C94E642ACA8DDD002E5D88 /* Model.swift */,
				229E6FAE2ACBAF780066EEAE /* Suggestion.swift */,
			);
			path = Model;
			sourceTree = "<group>";
		};
		22298A002AC91BAF0025F6B4 /* Styles */ = {
			isa = PBXGroup;
			children = (
				227321072ABAE60100F7A9CB /* Styles.swift */,
				22298A072AC94DF10025F6B4 /* AnimatableFontModifier.swift */,
				22210EFF2AC9A3F800AE71BC /* Animation.swift */,
				22FBB6E62ACD016100391AB8 /* AngularButtonStyle.swift */,
				22FBB6E82ACD0D4300391AB8 /* InputStyle.swift */,
			);
			path = Styles;
			sourceTree = "<group>";
		};
		22DA8D632AB9ED4A008B0FB8 = {
			isa = PBXGroup;
			children = (
				22DA8D6E2AB9ED4A008B0FB8 /* DesignCodeiOS15 */,
				22DA8D6D2AB9ED4A008B0FB8 /* Products */,
			);
			sourceTree = "<group>";
		};
		22DA8D6D2AB9ED4A008B0FB8 /* Products */ = {
			isa = PBXGroup;
			children = (
				22DA8D6C2AB9ED4A008B0FB8 /* DesignCodeiOS15.app */,
			);
			name = Products;
			sourceTree = "<group>";
		};
		22DA8D6E2AB9ED4A008B0FB8 /* DesignCodeiOS15 */ = {
			isa = PBXGroup;
			children = (
				22DA8D6F2AB9ED4A008B0FB8 /* DesignCodeiOS15App.swift */,
				22DA8D732AB9ED4B008B0FB8 /* Assets.xcassets */,
				222989FC2AC91A930025F6B4 /* Navigation */,
				222989FD2AC91AA80025F6B4 /* Views */,
				222989FF2AC91AF50025F6B4 /* Model */,
				222989FE2AC91ACD0025F6B4 /* Components */,
				22298A002AC91BAF0025F6B4 /* Styles */,
				22DA8D752AB9ED4B008B0FB8 /* Preview Content */,
			);
			path = DesignCodeiOS15;
			sourceTree = "<group>";
		};
		22DA8D752AB9ED4B008B0FB8 /* Preview Content */ = {
			isa = PBXGroup;
			children = (
				22DA8D762AB9ED4B008B0FB8 /* Preview Assets.xcassets */,
			);
			path = "Preview Content";
			sourceTree = "<group>";
		};
/* End PBXGroup section */

/* Begin PBXNativeTarget section */
		22DA8D6B2AB9ED4A008B0FB8 /* DesignCodeiOS15 */ = {
			isa = PBXNativeTarget;
			buildConfigurationList = 22DA8D7A2AB9ED4B008B0FB8 /* Build configuration list for PBXNativeTarget "DesignCodeiOS15" */;
			buildPhases = (
				22DA8D682AB9ED4A008B0FB8 /* Sources */,
				22DA8D692AB9ED4A008B0FB8 /* Frameworks */,
				22DA8D6A2AB9ED4A008B0FB8 /* Resources */,
			);
			buildRules = (
			);
			dependencies = (
			);
			name = DesignCodeiOS15;
			productName = DesignCodeiOS15;
			productReference = 22DA8D6C2AB9ED4A008B0FB8 /* DesignCodeiOS15.app */;
			productType = "com.apple.product-type.application";
		};
/* End PBXNativeTarget section */

/* Begin PBXProject section */
		22DA8D642AB9ED4A008B0FB8 /* Project object */ = {
			isa = PBXProject;
			attributes = {
				BuildIndependentTargetsInParallel = 1;
				LastSwiftUpdateCheck = 1430;
				LastUpgradeCheck = 1430;
				TargetAttributes = {
					22DA8D6B2AB9ED4A008B0FB8 = {
						CreatedOnToolsVersion = 14.3.1;
					};
				};
			};
			buildConfigurationList = 22DA8D672AB9ED4A008B0FB8 /* Build configuration list for PBXProject "DesignCodeiOS15" */;
			compatibilityVersion = "Xcode 14.0";
			developmentRegion = en;
			hasScannedForEncodings = 0;
			knownRegions = (
				en,
				Base,
			);
			mainGroup = 22DA8D632AB9ED4A008B0FB8;
			productRefGroup = 22DA8D6D2AB9ED4A008B0FB8 /* Products */;
			projectDirPath = "";
			projectRoot = "";
			targets = (
				22DA8D6B2AB9ED4A008B0FB8 /* DesignCodeiOS15 */,
			);
		};
/* End PBXProject section */

/* Begin PBXResourcesBuildPhase section */
		22DA8D6A2AB9ED4A008B0FB8 /* Resources */ = {
			isa = PBXResourcesBuildPhase;
			buildActionMask = 2147483647;
			files = (
				22DA8D772AB9ED4B008B0FB8 /* Preview Assets.xcassets in Resources */,
				22DA8D742AB9ED4B008B0FB8 /* Assets.xcassets in Resources */,
			);
			runOnlyForDeploymentPostprocessing = 0;
		};
/* End PBXResourcesBuildPhase section */

/* Begin PBXSourcesBuildPhase section */
		22DA8D682AB9ED4A008B0FB8 /* Sources */ = {
			isa = PBXSourcesBuildPhase;
			buildActionMask = 2147483647;
			files = (
				229E6FAD2ACB9FD40066EEAE /* SearchView.swift in Sources */,
				222989FB2AC917460025F6B4 /* HomeView.swift in Sources */,
				22298A0C2AC967340025F6B4 /* MatchView.swift in Sources */,
				22E4D6272AC994A300369D0A /* CourseView.swift in Sources */,
				2273210A2ABAF01200F7A9CB /* AccountView.swift in Sources */,
				229E6FAF2ACBAF790066EEAE /* Suggestion.swift in Sources */,
				227321082ABAE60100F7A9CB /* Styles.swift in Sources */,
				22298A022AC9236D0025F6B4 /* FeatureItem.swift in Sources */,
				2206EF202AC31749004FB0F9 /* CustomTabbar.swift in Sources */,
				22FBB6E72ACD016100391AB8 /* AngularButtonStyle.swift in Sources */,
				22298A042AC929E80025F6B4 /* NavigationBar.swift in Sources */,
				2218D0B42AC5581A00F8131C /* Tab.swift in Sources */,
				22DA8D722AB9ED4A008B0FB8 /* ContentView.swift in Sources */,
				22298A0A2AC952730025F6B4 /* Course.swift in Sources */,
				2206EF1E2AC31558004FB0F9 /* Tabbar.swift in Sources */,
				22E4D6252AC9936D00369D0A /* CourseItem.swift in Sources */,
				22DA8D702AB9ED4A008B0FB8 /* DesignCodeiOS15App.swift in Sources */,
				22FBB6E52ACCF1A600391AB8 /* SignUpView.swift in Sources */,
				22210F002AC9A3F800AE71BC /* Animation.swift in Sources */,
				22298A062AC947350025F6B4 /* PreferenceKeys.swift in Sources */,
				22FBB6E92ACD0D4300391AB8 /* InputStyle.swift in Sources */,
				22C94E652ACA8DDD002E5D88 /* Model.swift in Sources */,
				22DA677C2ABFE1D900F073DB /* Hexagon.swift in Sources */,
				22298A082AC94DF10025F6B4 /* AnimatableFontModifier.swift in Sources */,
			);
			runOnlyForDeploymentPostprocessing = 0;
		};
/* End PBXSourcesBuildPhase section */

/* Begin XCBuildConfiguration section */
		22DA8D782AB9ED4B008B0FB8 /* Debug */ = {
			isa = XCBuildConfiguration;
			buildSettings = {
				ALWAYS_SEARCH_USER_PATHS = NO;
				CLANG_ANALYZER_NONNULL = YES;
				CLANG_ANALYZER_NUMBER_OBJECT_CONVERSION = YES_AGGRESSIVE;
				CLANG_CXX_LANGUAGE_STANDARD = "gnu++20";
				CLANG_ENABLE_MODULES = YES;
				CLANG_ENABLE_OBJC_ARC = YES;
				CLANG_ENABLE_OBJC_WEAK = YES;
				CLANG_WARN_BLOCK_CAPTURE_AUTORELEASING = YES;
				CLANG_WARN_BOOL_CONVERSION = YES;
				CLANG_WARN_COMMA = YES;
				CLANG_WARN_CONSTANT_CONVERSION = YES;
				CLANG_WARN_DEPRECATED_OBJC_IMPLEMENTATIONS = YES;
				CLANG_WARN_DIRECT_OBJC_ISA_USAGE = YES_ERROR;
				CLANG_WARN_DOCUMENTATION_COMMENTS = YES;
				CLANG_WARN_EMPTY_BODY = YES;
				CLANG_WARN_ENUM_CONVERSION = YES;
				CLANG_WARN_INFINITE_RECURSION = YES;
				CLANG_WARN_INT_CONVERSION = YES;
				CLANG_WARN_NON_LITERAL_NULL_CONVERSION = YES;
				CLANG_WARN_OBJC_IMPLICIT_RETAIN_SELF = YES;
				CLANG_WARN_OBJC_LITERAL_CONVERSION = YES;
				CLANG_WARN_OBJC_ROOT_CLASS = YES_ERROR;
				CLANG_WARN_QUOTED_INCLUDE_IN_FRAMEWORK_HEADER = YES;
				CLANG_WARN_RANGE_LOOP_ANALYSIS = YES;
				CLANG_WARN_STRICT_PROTOTYPES = YES;
				CLANG_WARN_SUSPICIOUS_MOVE = YES;
				CLANG_WARN_UNGUARDED_AVAILABILITY = YES_AGGRESSIVE;
				CLANG_WARN_UNREACHABLE_CODE = YES;
				CLANG_WARN__DUPLICATE_METHOD_MATCH = YES;
				COPY_PHASE_STRIP = NO;
				DEBUG_INFORMATION_FORMAT = dwarf;
				ENABLE_STRICT_OBJC_MSGSEND = YES;
				ENABLE_TESTABILITY = YES;
				GCC_C_LANGUAGE_STANDARD = gnu11;
				GCC_DYNAMIC_NO_PIC = NO;
				GCC_NO_COMMON_BLOCKS = YES;
				GCC_OPTIMIZATION_LEVEL = 0;
				GCC_PREPROCESSOR_DEFINITIONS = (
					"DEBUG=1",
					"$(inherited)",
				);
				GCC_WARN_64_TO_32_BIT_CONVERSION = YES;
				GCC_WARN_ABOUT_RETURN_TYPE = YES_ERROR;
				GCC_WARN_UNDECLARED_SELECTOR = YES;
				GCC_WARN_UNINITIALIZED_AUTOS = YES_AGGRESSIVE;
				GCC_WARN_UNUSED_FUNCTION = YES;
				GCC_WARN_UNUSED_VARIABLE = YES;
				IPHONEOS_DEPLOYMENT_TARGET = 14.0;
				MTL_ENABLE_DEBUG_INFO = INCLUDE_SOURCE;
				MTL_FAST_MATH = YES;
				ONLY_ACTIVE_ARCH = YES;
				SDKROOT = iphoneos;
				SWIFT_ACTIVE_COMPILATION_CONDITIONS = DEBUG;
				SWIFT_OPTIMIZATION_LEVEL = "-Onone";
			};
			name = Debug;
		};
		22DA8D792AB9ED4B008B0FB8 /* Release */ = {
			isa = XCBuildConfiguration;
			buildSettings = {
				ALWAYS_SEARCH_USER_PATHS = NO;
				CLANG_ANALYZER_NONNULL = YES;
				CLANG_ANALYZER_NUMBER_OBJECT_CONVERSION = YES_AGGRESSIVE;
				CLANG_CXX_LANGUAGE_STANDARD = "gnu++20";
				CLANG_ENABLE_MODULES = YES;
				CLANG_ENABLE_OBJC_ARC = YES;
				CLANG_ENABLE_OBJC_WEAK = YES;
				CLANG_WARN_BLOCK_CAPTURE_AUTORELEASING = YES;
				CLANG_WARN_BOOL_CONVERSION = YES;
				CLANG_WARN_COMMA = YES;
				CLANG_WARN_CONSTANT_CONVERSION = YES;
				CLANG_WARN_DEPRECATED_OBJC_IMPLEMENTATIONS = YES;
				CLANG_WARN_DIRECT_OBJC_ISA_USAGE = YES_ERROR;
				CLANG_WARN_DOCUMENTATION_COMMENTS = YES;
				CLANG_WARN_EMPTY_BODY = YES;
				CLANG_WARN_ENUM_CONVERSION = YES;
				CLANG_WARN_INFINITE_RECURSION = YES;
				CLANG_WARN_INT_CONVERSION = YES;
				CLANG_WARN_NON_LITERAL_NULL_CONVERSION = YES;
				CLANG_WARN_OBJC_IMPLICIT_RETAIN_SELF = YES;
				CLANG_WARN_OBJC_LITERAL_CONVERSION = YES;
				CLANG_WARN_OBJC_ROOT_CLASS = YES_ERROR;
				CLANG_WARN_QUOTED_INCLUDE_IN_FRAMEWORK_HEADER = YES;
				CLANG_WARN_RANGE_LOOP_ANALYSIS = YES;
				CLANG_WARN_STRICT_PROTOTYPES = YES;
				CLANG_WARN_SUSPICIOUS_MOVE = YES;
				CLANG_WARN_UNGUARDED_AVAILABILITY = YES_AGGRESSIVE;
				CLANG_WARN_UNREACHABLE_CODE = YES;
				CLANG_WARN__DUPLICATE_METHOD_MATCH = YES;
				COPY_PHASE_STRIP = NO;
				DEBUG_INFORMATION_FORMAT = "dwarf-with-dsym";
				ENABLE_NS_ASSERTIONS = NO;
				ENABLE_STRICT_OBJC_MSGSEND = YES;
				GCC_C_LANGUAGE_STANDARD = gnu11;
				GCC_NO_COMMON_BLOCKS = YES;
				GCC_WARN_64_TO_32_BIT_CONVERSION = YES;
				GCC_WARN_ABOUT_RETURN_TYPE = YES_ERROR;
				GCC_WARN_UNDECLARED_SELECTOR = YES;
				GCC_WARN_UNINITIALIZED_AUTOS = YES_AGGRESSIVE;
				GCC_WARN_UNUSED_FUNCTION = YES;
				GCC_WARN_UNUSED_VARIABLE = YES;
				IPHONEOS_DEPLOYMENT_TARGET = 14.0;
				MTL_ENABLE_DEBUG_INFO = NO;
				MTL_FAST_MATH = YES;
				SDKROOT = iphoneos;
				SWIFT_COMPILATION_MODE = wholemodule;
				SWIFT_OPTIMIZATION_LEVEL = "-O";
				VALIDATE_PRODUCT = YES;
			};
			name = Release;
		};
		22DA8D7B2AB9ED4B008B0FB8 /* Debug */ = {
			isa = XCBuildConfiguration;
			buildSettings = {
				ASSETCATALOG_COMPILER_APPICON_NAME = AppIcon;
				ASSETCATALOG_COMPILER_GLOBAL_ACCENT_COLOR_NAME = AccentColor;
				CODE_SIGN_STYLE = Automatic;
				CURRENT_PROJECT_VERSION = 1;
				DEVELOPMENT_ASSET_PATHS = "\"DesignCodeiOS15/Preview Content\"";
				DEVELOPMENT_TEAM = 4WHFXL7NYC;
				ENABLE_PREVIEWS = YES;
				GENERATE_INFOPLIST_FILE = YES;
				INFOPLIST_KEY_UIApplicationSceneManifest_Generation = YES;
				INFOPLIST_KEY_UIApplicationSupportsIndirectInputEvents = YES;
				INFOPLIST_KEY_UILaunchScreen_Generation = YES;
				INFOPLIST_KEY_UISupportedInterfaceOrientations_iPad = "UIInterfaceOrientationPortrait UIInterfaceOrientationPortraitUpsideDown UIInterfaceOrientationLandscapeLeft UIInterfaceOrientationLandscapeRight";
				INFOPLIST_KEY_UISupportedInterfaceOrientations_iPhone = "UIInterfaceOrientationPortrait UIInterfaceOrientationLandscapeLeft UIInterfaceOrientationLandscapeRight";
				IPHONEOS_DEPLOYMENT_TARGET = 15.0;
				LD_RUNPATH_SEARCH_PATHS = (
					"$(inherited)",
					"@executable_path/Frameworks",
				);
				MARKETING_VERSION = 1.0;
				PRODUCT_BUNDLE_IDENTIFIER = site.qiuyingjian.DesignCodeiOS15;
				PRODUCT_NAME = "$(TARGET_NAME)";
				SUPPORTED_PLATFORMS = "iphoneos iphonesimulator";
				SUPPORTS_MACCATALYST = NO;
				SUPPORTS_MAC_DESIGNED_FOR_IPHONE_IPAD = NO;
				SWIFT_EMIT_LOC_STRINGS = YES;
				SWIFT_VERSION = 5.0;
				TARGETED_DEVICE_FAMILY = "1,2";
			};
			name = Debug;
		};
		22DA8D7C2AB9ED4B008B0FB8 /* Release */ = {
			isa = XCBuildConfiguration;
			buildSettings = {
				ASSETCATALOG_COMPILER_APPICON_NAME = AppIcon;
				ASSETCATALOG_COMPILER_GLOBAL_ACCENT_COLOR_NAME = AccentColor;
				CODE_SIGN_STYLE = Automatic;
				CURRENT_PROJECT_VERSION = 1;
				DEVELOPMENT_ASSET_PATHS = "\"DesignCodeiOS15/Preview Content\"";
				DEVELOPMENT_TEAM = 4WHFXL7NYC;
				ENABLE_PREVIEWS = YES;
				GENERATE_INFOPLIST_FILE = YES;
				INFOPLIST_KEY_UIApplicationSceneManifest_Generation = YES;
				INFOPLIST_KEY_UIApplicationSupportsIndirectInputEvents = YES;
				INFOPLIST_KEY_UILaunchScreen_Generation = YES;
				INFOPLIST_KEY_UISupportedInterfaceOrientations_iPad = "UIInterfaceOrientationPortrait UIInterfaceOrientationPortraitUpsideDown UIInterfaceOrientationLandscapeLeft UIInterfaceOrientationLandscapeRight";
				INFOPLIST_KEY_UISupportedInterfaceOrientations_iPhone = "UIInterfaceOrientationPortrait UIInterfaceOrientationLandscapeLeft UIInterfaceOrientationLandscapeRight";
				IPHONEOS_DEPLOYMENT_TARGET = 15.0;
				LD_RUNPATH_SEARCH_PATHS = (
					"$(inherited)",
					"@executable_path/Frameworks",
				);
				MARKETING_VERSION = 1.0;
				PRODUCT_BUNDLE_IDENTIFIER = site.qiuyingjian.DesignCodeiOS15;
				PRODUCT_NAME = "$(TARGET_NAME)";
				SUPPORTED_PLATFORMS = "iphoneos iphonesimulator";
				SUPPORTS_MACCATALYST = NO;
				SUPPORTS_MAC_DESIGNED_FOR_IPHONE_IPAD = NO;
				SWIFT_EMIT_LOC_STRINGS = YES;
				SWIFT_VERSION = 5.0;
				TARGETED_DEVICE_FAMILY = "1,2";
			};
			name = Release;
		};
/* End XCBuildConfiguration section */

/* Begin XCConfigurationList section */
		22DA8D672AB9ED4A008B0FB8 /* Build configuration list for PBXProject "DesignCodeiOS15" */ = {
			isa = XCConfigurationList;
			buildConfigurations = (
				22DA8D782AB9ED4B008B0FB8 /* Debug */,
				22DA8D792AB9ED4B008B0FB8 /* Release */,
			);
			defaultConfigurationIsVisible = 0;
			defaultConfigurationName = Release;
		};
		22DA8D7A2AB9ED4B008B0FB8 /* Build configuration list for PBXNativeTarget "DesignCodeiOS15" */ = {
			isa = XCConfigurationList;
			buildConfigurations = (
				22DA8D7B2AB9ED4B008B0FB8 /* Debug */,
				22DA8D7C2AB9ED4B008B0FB8 /* Release */,
			);
			defaultConfigurationIsVisible = 0;
			defaultConfigurationName = Release;
		};
/* End XCConfigurationList section */
	};
	rootObject = 22DA8D642AB9ED4A008B0FB8 /* Project object */;
}
